
Microsoft Visual Studio Solution File, Format Version 12.00
# Visual Studio Version 17
VisualStudioVersion = 17.5.33530.505
MinimumVisualStudioVersion = 10.0.40219.1
Project("{9A19103F-16F7-4668-BE54-9A1E7A4F7556}") = "Mealmap.Api", "src\Mealmap.Api\Mealmap.Api.csproj", "{9B38E491-3837-4106-93C6-33283ACE0274}"
EndProject
Project("{9A19103F-16F7-4668-BE54-9A1E7A4F7556}") = "Mealmap.Api.UnitTests", "tests\Mealmap.Api.Tests\Mealmap.Api.UnitTests.csproj", "{8899AFCD-81D7-4D26-9A0E-C8F3FFBB07F1}"
EndProject
Project("{9A19103F-16F7-4668-BE54-9A1E7A4F7556}") = "Mealmap.Model", "src\Mealmap.Model\Mealmap.Model.csproj", "{B57D2C53-7EDF-4E4C-9797-AF62DE7471F9}"
EndProject
Project("{9A19103F-16F7-4668-BE54-9A1E7A4F7556}") = "Mealmap.Api.BoundaryTests", "tests\Mealmap.Api.NarrowIntegrationTests\Mealmap.Api.BoundaryTests.csproj", "{3A44C2EE-E07A-42D0-A693-6FC65E310031}"
EndProject
Project("{9A19103F-16F7-4668-BE54-9A1E7A4F7556}") = "Mealmap.DataAccess.IntegrationTests", "tests\Mealmap.Api.BroadIntegrationTests\Mealmap.DataAccess.IntegrationTests.csproj", "{F869DD60-0C7B-428E-9C50-54A4600EF10B}"
EndProject
Project("{9A19103F-16F7-4668-BE54-9A1E7A4F7556}") = "Mealmap.Model.Tests", "tests\Mealmap.Model.Tests\Mealmap.Model.Tests.csproj", "{3BA9CA79-5D1F-4EBE-9030-AC4C82092878}"
EndProject
Project("{9A19103F-16F7-4668-BE54-9A1E7A4F7556}") = "Mealmap.Testdata", "src\Mealmap.Testdata\Mealmap.Testdata.csproj", "{8A82CA7F-0833-480A-8780-3EBA1C275BD3}"
EndProject
Project("{2150E333-8FDC-42A3-9474-1A3956D46DE8}") = "Solution Items", "Solution Items", "{A608CA3F-1681-4128-91FE-0B1FEE3102F2}"
	ProjectSection(SolutionItems) = preProject
		.editorconfig = .editorconfig
	EndProjectSection
EndProject
Project("{FAE04EC0-301F-11D3-BF4B-00C04F79EFBC}") = "Mealmap.DataAccess", "src\Mealmap.DataAccess\Mealmap.DataAccess.csproj", "{BBC4E933-0363-412A-BA0A-9313DE86ACFF}"
EndProject
Global
	GlobalSection(SolutionConfigurationPlatforms) = preSolution
		Debug|Any CPU = Debug|Any CPU
		Release|Any CPU = Release|Any CPU
	EndGlobalSection
	GlobalSection(ProjectConfigurationPlatforms) = postSolution
		{9B38E491-3837-4106-93C6-33283ACE0274}.Debug|Any CPU.ActiveCfg = Debug|Any CPU
		{9B38E491-3837-4106-93C6-33283ACE0274}.Debug|Any CPU.Build.0 = Debug|Any CPU
		{9B38E491-3837-4106-93C6-33283ACE0274}.Release|Any CPU.ActiveCfg = Release|Any CPU
		{9B38E491-3837-4106-93C6-33283ACE0274}.Release|Any CPU.Build.0 = Release|Any CPU
		{8899AFCD-81D7-4D26-9A0E-C8F3FFBB07F1}.Debug|Any CPU.ActiveCfg = Debug|Any CPU
		{8899AFCD-81D7-4D26-9A0E-C8F3FFBB07F1}.Debug|Any CPU.Build.0 = Debug|Any CPU
		{8899AFCD-81D7-4D26-9A0E-C8F3FFBB07F1}.Release|Any CPU.ActiveCfg = Release|Any CPU
		{8899AFCD-81D7-4D26-9A0E-C8F3FFBB07F1}.Release|Any CPU.Build.0 = Release|Any CPU
		{B57D2C53-7EDF-4E4C-9797-AF62DE7471F9}.Debug|Any CPU.ActiveCfg = Debug|Any CPU
		{B57D2C53-7EDF-4E4C-9797-AF62DE7471F9}.Debug|Any CPU.Build.0 = Debug|Any CPU
		{B57D2C53-7EDF-4E4C-9797-AF62DE7471F9}.Release|Any CPU.ActiveCfg = Release|Any CPU
		{B57D2C53-7EDF-4E4C-9797-AF62DE7471F9}.Release|Any CPU.Build.0 = Release|Any CPU
		{3A44C2EE-E07A-42D0-A693-6FC65E310031}.Debug|Any CPU.ActiveCfg = Debug|Any CPU
		{3A44C2EE-E07A-42D0-A693-6FC65E310031}.Debug|Any CPU.Build.0 = Debug|Any CPU
		{3A44C2EE-E07A-42D0-A693-6FC65E310031}.Release|Any CPU.ActiveCfg = Release|Any CPU
		{3A44C2EE-E07A-42D0-A693-6FC65E310031}.Release|Any CPU.Build.0 = Release|Any CPU
		{F869DD60-0C7B-428E-9C50-54A4600EF10B}.Debug|Any CPU.ActiveCfg = Debug|Any CPU
		{F869DD60-0C7B-428E-9C50-54A4600EF10B}.Debug|Any CPU.Build.0 = Debug|Any CPU
		{F869DD60-0C7B-428E-9C50-54A4600EF10B}.Release|Any CPU.ActiveCfg = Release|Any CPU
		{F869DD60-0C7B-428E-9C50-54A4600EF10B}.Release|Any CPU.Build.0 = Release|Any CPU
		{3BA9CA79-5D1F-4EBE-9030-AC4C82092878}.Debug|Any CPU.ActiveCfg = Debug|Any CPU
		{3BA9CA79-5D1F-4EBE-9030-AC4C82092878}.Debug|Any CPU.Build.0 = Debug|Any CPU
		{3BA9CA79-5D1F-4EBE-9030-AC4C82092878}.Release|Any CPU.ActiveCfg = Release|Any CPU
		{3BA9CA79-5D1F-4EBE-9030-AC4C82092878}.Release|Any CPU.Build.0 = Release|Any CPU
		{8A82CA7F-0833-480A-8780-3EBA1C275BD3}.Debug|Any CPU.ActiveCfg = Debug|Any CPU
		{8A82CA7F-0833-480A-8780-3EBA1C275BD3}.Debug|Any CPU.Build.0 = Debug|Any CPU
		{8A82CA7F-0833-480A-8780-3EBA1C275BD3}.Release|Any CPU.ActiveCfg = Release|Any CPU
		{8A82CA7F-0833-480A-8780-3EBA1C275BD3}.Release|Any CPU.Build.0 = Release|Any CPU
		{BBC4E933-0363-412A-BA0A-9313DE86ACFF}.Debug|Any CPU.ActiveCfg = Debug|Any CPU
		{BBC4E933-0363-412A-BA0A-9313DE86ACFF}.Debug|Any CPU.Build.0 = Debug|Any CPU
		{BBC4E933-0363-412A-BA0A-9313DE86ACFF}.Release|Any CPU.ActiveCfg = Release|Any CPU
		{BBC4E933-0363-412A-BA0A-9313DE86ACFF}.Release|Any CPU.Build.0 = Release|Any CPU
	EndGlobalSection
	GlobalSection(SolutionProperties) = preSolution
		HideSolutionNode = FALSE
	EndGlobalSection
	GlobalSection(ExtensibilityGlobals) = postSolution
		SolutionGuid = {185787E7-83B7-4228-A0BA-35D4C0F7BF7A}
	EndGlobalSection
EndGlobal
