
Microsoft Visual Studio Solution File, Format Version 12.00
# Visual Studio Version 17
VisualStudioVersion = 17.5.33530.505
MinimumVisualStudioVersion = 10.0.40219.1
Project("{9A19103F-16F7-4668-BE54-9A1E7A4F7556}") = "Mealmap.Api", "src\Mealmap.Api\Mealmap.Api.csproj", "{9B38E491-3837-4106-93C6-33283ACE0274}"
EndProject
Project("{9A19103F-16F7-4668-BE54-9A1E7A4F7556}") = "Mealmap.Testdata", "src\Mealmap.Testdata\Mealmap.Testdata.csproj", "{8A82CA7F-0833-480A-8780-3EBA1C275BD3}"
EndProject
Project("{2150E333-8FDC-42A3-9474-1A3956D46DE8}") = "Solution Items", "Solution Items", "{A608CA3F-1681-4128-91FE-0B1FEE3102F2}"
	ProjectSection(SolutionItems) = preProject
		.editorconfig = .editorconfig
	EndProjectSection
EndProject
Project("{9A19103F-16F7-4668-BE54-9A1E7A4F7556}") = "Mealmap.Domain", "src\Mealmap.Domain\Mealmap.Domain.csproj", "{BF81E45E-C238-4A84-B98A-B3AEFE114E88}"
EndProject
Project("{9A19103F-16F7-4668-BE54-9A1E7A4F7556}") = "Mealmap.Infrastructure", "src\Mealmap.Infrastructure\Mealmap.Infrastructure.csproj", "{83990975-CBA1-4BC6-B8A9-586768B0378F}"
EndProject
Project("{9A19103F-16F7-4668-BE54-9A1E7A4F7556}") = "Mealmap.Api.BoundaryTests", "tests\Mealmap.Api.BoundaryTests\Mealmap.Api.BoundaryTests.csproj", "{2814B880-D0A4-415A-95F8-02725B204B2B}"
EndProject
Project("{9A19103F-16F7-4668-BE54-9A1E7A4F7556}") = "Mealmap.Api.UnitTests", "tests\Mealmap.Api.UnitTests\Mealmap.Api.UnitTests.csproj", "{C912D383-81B7-4E07-8286-3A00E7B05C80}"
EndProject
Project("{9A19103F-16F7-4668-BE54-9A1E7A4F7556}") = "Mealmap.Domain.UnitTests", "tests\Mealmap.Domain.UnitTests\Mealmap.Domain.UnitTests.csproj", "{05A4C300-0723-4E30-BFB8-2D1D1B8177B3}"
EndProject
Project("{9A19103F-16F7-4668-BE54-9A1E7A4F7556}") = "Mealmap.Infrastructure.IntegrationTests", "tests\Mealmap.Infrastructure.IntegrationTests\Mealmap.Infrastructure.IntegrationTests.csproj", "{72D5BC9D-4304-476F-847C-49BF7DB8278C}"
EndProject
Project("{FAE04EC0-301F-11D3-BF4B-00C04F79EFBC}") = "Mealmap.Migrations", "src\Mealmap.Migrations\Mealmap.Migrations.csproj", "{2479A09A-11F4-4CE0-8F99-18EB95DF6397}"
EndProject
Global
	GlobalSection(SolutionConfigurationPlatforms) = preSolution
		Debug|Any CPU = Debug|Any CPU
		Release|Any CPU = Release|Any CPU
	EndGlobalSection
	GlobalSection(ProjectConfigurationPlatforms) = postSolution
		{9B38E491-3837-4106-93C6-33283ACE0274}.Debug|Any CPU.ActiveCfg = Debug|Any CPU
		{9B38E491-3837-4106-93C6-33283ACE0274}.Debug|Any CPU.Build.0 = Debug|Any CPU
		{9B38E491-3837-4106-93C6-33283ACE0274}.Release|Any CPU.ActiveCfg = Release|Any CPU
		{9B38E491-3837-4106-93C6-33283ACE0274}.Release|Any CPU.Build.0 = Release|Any CPU
		{8A82CA7F-0833-480A-8780-3EBA1C275BD3}.Debug|Any CPU.ActiveCfg = Debug|Any CPU
		{8A82CA7F-0833-480A-8780-3EBA1C275BD3}.Debug|Any CPU.Build.0 = Debug|Any CPU
		{8A82CA7F-0833-480A-8780-3EBA1C275BD3}.Release|Any CPU.ActiveCfg = Release|Any CPU
		{8A82CA7F-0833-480A-8780-3EBA1C275BD3}.Release|Any CPU.Build.0 = Release|Any CPU
		{BF81E45E-C238-4A84-B98A-B3AEFE114E88}.Debug|Any CPU.ActiveCfg = Debug|Any CPU
		{BF81E45E-C238-4A84-B98A-B3AEFE114E88}.Debug|Any CPU.Build.0 = Debug|Any CPU
		{BF81E45E-C238-4A84-B98A-B3AEFE114E88}.Release|Any CPU.ActiveCfg = Release|Any CPU
		{BF81E45E-C238-4A84-B98A-B3AEFE114E88}.Release|Any CPU.Build.0 = Release|Any CPU
		{83990975-CBA1-4BC6-B8A9-586768B0378F}.Debug|Any CPU.ActiveCfg = Debug|Any CPU
		{83990975-CBA1-4BC6-B8A9-586768B0378F}.Debug|Any CPU.Build.0 = Debug|Any CPU
		{83990975-CBA1-4BC6-B8A9-586768B0378F}.Release|Any CPU.ActiveCfg = Release|Any CPU
		{83990975-CBA1-4BC6-B8A9-586768B0378F}.Release|Any CPU.Build.0 = Release|Any CPU
		{2814B880-D0A4-415A-95F8-02725B204B2B}.Debug|Any CPU.ActiveCfg = Debug|Any CPU
		{2814B880-D0A4-415A-95F8-02725B204B2B}.Debug|Any CPU.Build.0 = Debug|Any CPU
		{2814B880-D0A4-415A-95F8-02725B204B2B}.Release|Any CPU.ActiveCfg = Release|Any CPU
		{2814B880-D0A4-415A-95F8-02725B204B2B}.Release|Any CPU.Build.0 = Release|Any CPU
		{C912D383-81B7-4E07-8286-3A00E7B05C80}.Debug|Any CPU.ActiveCfg = Debug|Any CPU
		{C912D383-81B7-4E07-8286-3A00E7B05C80}.Debug|Any CPU.Build.0 = Debug|Any CPU
		{C912D383-81B7-4E07-8286-3A00E7B05C80}.Release|Any CPU.ActiveCfg = Release|Any CPU
		{C912D383-81B7-4E07-8286-3A00E7B05C80}.Release|Any CPU.Build.0 = Release|Any CPU
		{05A4C300-0723-4E30-BFB8-2D1D1B8177B3}.Debug|Any CPU.ActiveCfg = Debug|Any CPU
		{05A4C300-0723-4E30-BFB8-2D1D1B8177B3}.Debug|Any CPU.Build.0 = Debug|Any CPU
		{05A4C300-0723-4E30-BFB8-2D1D1B8177B3}.Release|Any CPU.ActiveCfg = Release|Any CPU
		{05A4C300-0723-4E30-BFB8-2D1D1B8177B3}.Release|Any CPU.Build.0 = Release|Any CPU
		{72D5BC9D-4304-476F-847C-49BF7DB8278C}.Debug|Any CPU.ActiveCfg = Debug|Any CPU
		{72D5BC9D-4304-476F-847C-49BF7DB8278C}.Debug|Any CPU.Build.0 = Debug|Any CPU
		{72D5BC9D-4304-476F-847C-49BF7DB8278C}.Release|Any CPU.ActiveCfg = Release|Any CPU
		{72D5BC9D-4304-476F-847C-49BF7DB8278C}.Release|Any CPU.Build.0 = Release|Any CPU
		{2479A09A-11F4-4CE0-8F99-18EB95DF6397}.Debug|Any CPU.ActiveCfg = Debug|Any CPU
		{2479A09A-11F4-4CE0-8F99-18EB95DF6397}.Debug|Any CPU.Build.0 = Debug|Any CPU
		{2479A09A-11F4-4CE0-8F99-18EB95DF6397}.Release|Any CPU.ActiveCfg = Release|Any CPU
		{2479A09A-11F4-4CE0-8F99-18EB95DF6397}.Release|Any CPU.Build.0 = Release|Any CPU
	EndGlobalSection
	GlobalSection(SolutionProperties) = preSolution
		HideSolutionNode = FALSE
	EndGlobalSection
	GlobalSection(ExtensibilityGlobals) = postSolution
		SolutionGuid = {185787E7-83B7-4228-A0BA-35D4C0F7BF7A}
	EndGlobalSection
EndGlobal
